// !$*UTF8*$!
{
	archiveVersion = 1;
	classes = {
	};
	objectVersion = 51;
	objects = {

/* Begin PBXBuildFile section */
		00339AC525226801004D4BA4 /* MovieViewController.swift in Sources */ = {isa = PBXBuildFile; fileRef = 00339AC425226801004D4BA4 /* MovieViewController.swift */; };
		003BC4982522712E001B3E12 /* MovieCollectionViewCell.swift in Sources */ = {isa = PBXBuildFile; fileRef = 003BC4972522712E001B3E12 /* MovieCollectionViewCell.swift */; };
		0052DD1D25235C8E00A62B53 /* Constants.swift in Sources */ = {isa = PBXBuildFile; fileRef = 0052DD1C25235C8E00A62B53 /* Constants.swift */; };
		005CAD7B252207A500444BB8 /* AppDelegate.swift in Sources */ = {isa = PBXBuildFile; fileRef = 005CAD7A252207A500444BB8 /* AppDelegate.swift */; };
		005CAD7D252207A500444BB8 /* SceneDelegate.swift in Sources */ = {isa = PBXBuildFile; fileRef = 005CAD7C252207A500444BB8 /* SceneDelegate.swift */; };
		005CAD82252207A500444BB8 /* Main.storyboard in Resources */ = {isa = PBXBuildFile; fileRef = 005CAD80252207A500444BB8 /* Main.storyboard */; };
		005CAD84252207A800444BB8 /* Assets.xcassets in Resources */ = {isa = PBXBuildFile; fileRef = 005CAD83252207A800444BB8 /* Assets.xcassets */; };
		005CAD87252207A800444BB8 /* LaunchScreen.storyboard in Resources */ = {isa = PBXBuildFile; fileRef = 005CAD85252207A800444BB8 /* LaunchScreen.storyboard */; };
		0065F0F4252335CF003C5151 /* MovieModel.swift in Sources */ = {isa = PBXBuildFile; fileRef = 0065F0F3252335CF003C5151 /* MovieModel.swift */; };
		0065F0F6252336AB003C5151 /* NetworkService.swift in Sources */ = {isa = PBXBuildFile; fileRef = 0065F0F5252336AB003C5151 /* NetworkService.swift */; };
		0065F0F825233EF9003C5151 /* MovieViewModel.swift in Sources */ = {isa = PBXBuildFile; fileRef = 0065F0F725233EF9003C5151 /* MovieViewModel.swift */; };
		0065F0FA2523408E003C5151 /* TvShowModel.swift in Sources */ = {isa = PBXBuildFile; fileRef = 0065F0F92523408E003C5151 /* TvShowModel.swift */; };
		0065F0FC252340CB003C5151 /* TvShowViewModel.swift in Sources */ = {isa = PBXBuildFile; fileRef = 0065F0FB252340CB003C5151 /* TvShowViewModel.swift */; };
		0069441525229261000B2573 /* TvShowViewController.swift in Sources */ = {isa = PBXBuildFile; fileRef = 0069441425229261000B2573 /* TvShowViewController.swift */; };
		0096DEDB2523DA0F0090B276 /* MovieCastViewModel.swift in Sources */ = {isa = PBXBuildFile; fileRef = 0096DEDA2523DA0F0090B276 /* MovieCastViewModel.swift */; };
		0096DEDD2523DA180090B276 /* MovieCastModel.swift in Sources */ = {isa = PBXBuildFile; fileRef = 0096DEDC2523DA180090B276 /* MovieCastModel.swift */; };
		0096DEDF2523DB5C0090B276 /* TvShowDetailModel.swift in Sources */ = {isa = PBXBuildFile; fileRef = 0096DEDE2523DB5C0090B276 /* TvShowDetailModel.swift */; };
		0096DEE12523DB800090B276 /* TvShowDetailViewModel.swift in Sources */ = {isa = PBXBuildFile; fileRef = 0096DEE02523DB800090B276 /* TvShowDetailViewModel.swift */; };
		0096DEE32523DD0F0090B276 /* TvShowDetailViewController.swift in Sources */ = {isa = PBXBuildFile; fileRef = 0096DEE22523DD0F0090B276 /* TvShowDetailViewController.swift */; };
		00A02C2225238B7E00C4EED8 /* TopRatedMovieCollectionViewCell.swift in Sources */ = {isa = PBXBuildFile; fileRef = 00A02C2125238B7E00C4EED8 /* TopRatedMovieCollectionViewCell.swift */; };
		00A02C2425238F5E00C4EED8 /* PopularMovieCollectionViewCell.swift in Sources */ = {isa = PBXBuildFile; fileRef = 00A02C2325238F5E00C4EED8 /* PopularMovieCollectionViewCell.swift */; };
		00A02C282523981D00C4EED8 /* PopularTvSHowCollectionViewCell.swift in Sources */ = {isa = PBXBuildFile; fileRef = 00A02C272523981D00C4EED8 /* PopularTvSHowCollectionViewCell.swift */; };
		00A02C2A2523983600C4EED8 /* TopRatedTvShowCollectionViewCell.swift in Sources */ = {isa = PBXBuildFile; fileRef = 00A02C292523983600C4EED8 /* TopRatedTvShowCollectionViewCell.swift */; };
		00A02C2C2523A3A400C4EED8 /* MovieDetailViewController.swift in Sources */ = {isa = PBXBuildFile; fileRef = 00A02C2B2523A3A400C4EED8 /* MovieDetailViewController.swift */; };
		00A02C2E2523B2C100C4EED8 /* MovieDetailModel.swift in Sources */ = {isa = PBXBuildFile; fileRef = 00A02C2D2523B2C100C4EED8 /* MovieDetailModel.swift */; };
		00A02C302523B3D400C4EED8 /* MovieDetailViewModel.swift in Sources */ = {isa = PBXBuildFile; fileRef = 00A02C2F2523B3D400C4EED8 /* MovieDetailViewModel.swift */; };
		75725AB6E490D4675354DAFD /* Pods_MovieApp.framework in Frameworks */ = {isa = PBXBuildFile; fileRef = F9D2AF9F747EE094320563F0 /* Pods_MovieApp.framework */; };
/* End PBXBuildFile section */

/* Begin PBXFileReference section */
		00339AC425226801004D4BA4 /* MovieViewController.swift */ = {isa = PBXFileReference; lastKnownFileType = sourcecode.swift; path = MovieViewController.swift; sourceTree = "<group>"; };
		003BC4972522712E001B3E12 /* MovieCollectionViewCell.swift */ = {isa = PBXFileReference; lastKnownFileType = sourcecode.swift; path = MovieCollectionViewCell.swift; sourceTree = "<group>"; };
		0052DD1C25235C8E00A62B53 /* Constants.swift */ = {isa = PBXFileReference; fileEncoding = 4; lastKnownFileType = sourcecode.swift; path = Constants.swift; sourceTree = "<group>"; };
		005CAD77252207A500444BB8 /* MovieApp.app */ = {isa = PBXFileReference; explicitFileType = wrapper.application; includeInIndex = 0; path = MovieApp.app; sourceTree = BUILT_PRODUCTS_DIR; };
		005CAD7A252207A500444BB8 /* AppDelegate.swift */ = {isa = PBXFileReference; lastKnownFileType = sourcecode.swift; path = AppDelegate.swift; sourceTree = "<group>"; };
		005CAD7C252207A500444BB8 /* SceneDelegate.swift */ = {isa = PBXFileReference; lastKnownFileType = sourcecode.swift; path = SceneDelegate.swift; sourceTree = "<group>"; };
		005CAD81252207A500444BB8 /* Base */ = {isa = PBXFileReference; lastKnownFileType = file.storyboard; name = Base; path = Base.lproj/Main.storyboard; sourceTree = "<group>"; };
		005CAD83252207A800444BB8 /* Assets.xcassets */ = {isa = PBXFileReference; lastKnownFileType = folder.assetcatalog; path = Assets.xcassets; sourceTree = "<group>"; };
		005CAD86252207A800444BB8 /* Base */ = {isa = PBXFileReference; lastKnownFileType = file.storyboard; name = Base; path = Base.lproj/LaunchScreen.storyboard; sourceTree = "<group>"; };
		005CAD88252207A800444BB8 /* Info.plist */ = {isa = PBXFileReference; lastKnownFileType = text.plist.xml; path = Info.plist; sourceTree = "<group>"; };
		0065F0F3252335CF003C5151 /* MovieModel.swift */ = {isa = PBXFileReference; lastKnownFileType = sourcecode.swift; path = MovieModel.swift; sourceTree = "<group>"; };
		0065F0F5252336AB003C5151 /* NetworkService.swift */ = {isa = PBXFileReference; lastKnownFileType = sourcecode.swift; path = NetworkService.swift; sourceTree = "<group>"; };
		0065F0F725233EF9003C5151 /* MovieViewModel.swift */ = {isa = PBXFileReference; lastKnownFileType = sourcecode.swift; path = MovieViewModel.swift; sourceTree = "<group>"; };
		0065F0F92523408E003C5151 /* TvShowModel.swift */ = {isa = PBXFileReference; lastKnownFileType = sourcecode.swift; path = TvShowModel.swift; sourceTree = "<group>"; };
		0065F0FB252340CB003C5151 /* TvShowViewModel.swift */ = {isa = PBXFileReference; lastKnownFileType = sourcecode.swift; path = TvShowViewModel.swift; sourceTree = "<group>"; };
		0069441425229261000B2573 /* TvShowViewController.swift */ = {isa = PBXFileReference; lastKnownFileType = sourcecode.swift; path = TvShowViewController.swift; sourceTree = "<group>"; };
		0096DEDA2523DA0F0090B276 /* MovieCastViewModel.swift */ = {isa = PBXFileReference; fileEncoding = 4; lastKnownFileType = sourcecode.swift; path = MovieCastViewModel.swift; sourceTree = "<group>"; };
		0096DEDC2523DA180090B276 /* MovieCastModel.swift */ = {isa = PBXFileReference; fileEncoding = 4; lastKnownFileType = sourcecode.swift; path = MovieCastModel.swift; sourceTree = "<group>"; };
		0096DEDE2523DB5C0090B276 /* TvShowDetailModel.swift */ = {isa = PBXFileReference; lastKnownFileType = sourcecode.swift; path = TvShowDetailModel.swift; sourceTree = "<group>"; };
		0096DEE02523DB800090B276 /* TvShowDetailViewModel.swift */ = {isa = PBXFileReference; lastKnownFileType = sourcecode.swift; path = TvShowDetailViewModel.swift; sourceTree = "<group>"; };
		0096DEE22523DD0F0090B276 /* TvShowDetailViewController.swift */ = {isa = PBXFileReference; lastKnownFileType = sourcecode.swift; path = TvShowDetailViewController.swift; sourceTree = "<group>"; };
		00A02C2125238B7E00C4EED8 /* TopRatedMovieCollectionViewCell.swift */ = {isa = PBXFileReference; lastKnownFileType = sourcecode.swift; path = TopRatedMovieCollectionViewCell.swift; sourceTree = "<group>"; };
		00A02C2325238F5E00C4EED8 /* PopularMovieCollectionViewCell.swift */ = {isa = PBXFileReference; lastKnownFileType = sourcecode.swift; path = PopularMovieCollectionViewCell.swift; sourceTree = "<group>"; };
		00A02C272523981D00C4EED8 /* PopularTvSHowCollectionViewCell.swift */ = {isa = PBXFileReference; lastKnownFileType = sourcecode.swift; path = PopularTvSHowCollectionViewCell.swift; sourceTree = "<group>"; };
		00A02C292523983600C4EED8 /* TopRatedTvShowCollectionViewCell.swift */ = {isa = PBXFileReference; lastKnownFileType = sourcecode.swift; path = TopRatedTvShowCollectionViewCell.swift; sourceTree = "<group>"; };
		00A02C2B2523A3A400C4EED8 /* MovieDetailViewController.swift */ = {isa = PBXFileReference; lastKnownFileType = sourcecode.swift; path = MovieDetailViewController.swift; sourceTree = "<group>"; };
		00A02C2D2523B2C100C4EED8 /* MovieDetailModel.swift */ = {isa = PBXFileReference; lastKnownFileType = sourcecode.swift; path = MovieDetailModel.swift; sourceTree = "<group>"; };
		00A02C2F2523B3D400C4EED8 /* MovieDetailViewModel.swift */ = {isa = PBXFileReference; lastKnownFileType = sourcecode.swift; path = MovieDetailViewModel.swift; sourceTree = "<group>"; };
		2C7C60F1F69B833885CEF3B4 /* Pods-MovieApp.debug.xcconfig */ = {isa = PBXFileReference; includeInIndex = 1; lastKnownFileType = text.xcconfig; name = "Pods-MovieApp.debug.xcconfig"; path = "Target Support Files/Pods-MovieApp/Pods-MovieApp.debug.xcconfig"; sourceTree = "<group>"; };
		B598DB709286F25D13C077B8 /* Pods-MovieApp.release.xcconfig */ = {isa = PBXFileReference; includeInIndex = 1; lastKnownFileType = text.xcconfig; name = "Pods-MovieApp.release.xcconfig"; path = "Target Support Files/Pods-MovieApp/Pods-MovieApp.release.xcconfig"; sourceTree = "<group>"; };
		F9D2AF9F747EE094320563F0 /* Pods_MovieApp.framework */ = {isa = PBXFileReference; explicitFileType = wrapper.framework; includeInIndex = 0; path = Pods_MovieApp.framework; sourceTree = BUILT_PRODUCTS_DIR; };
/* End PBXFileReference section */

/* Begin PBXFrameworksBuildPhase section */
		005CAD74252207A500444BB8 /* Frameworks */ = {
			isa = PBXFrameworksBuildPhase;
			buildActionMask = 2147483647;
			files = (
				75725AB6E490D4675354DAFD /* Pods_MovieApp.framework in Frameworks */,
			);
			runOnlyForDeploymentPostprocessing = 0;
		};
/* End PBXFrameworksBuildPhase section */

/* Begin PBXGroup section */
		0052DD1B25235C8E00A62B53 /* Utilities */ = {
			isa = PBXGroup;
			children = (
				0052DD1C25235C8E00A62B53 /* Constants.swift */,
			);
			path = Utilities;
			sourceTree = "<group>";
		};
		005CAD6E252207A500444BB8 = {
			isa = PBXGroup;
			children = (
				005CAD79252207A500444BB8 /* MovieApp */,
				005CAD78252207A500444BB8 /* Products */,
				5470AB1422546A97E17655AF /* Pods */,
				BF49E9A8127C803F6D799384 /* Frameworks */,
			);
			sourceTree = "<group>";
		};
		005CAD78252207A500444BB8 /* Products */ = {
			isa = PBXGroup;
			children = (
				005CAD77252207A500444BB8 /* MovieApp.app */,
			);
			name = Products;
			sourceTree = "<group>";
		};
		005CAD79252207A500444BB8 /* MovieApp */ = {
			isa = PBXGroup;
			children = (
				0052DD1B25235C8E00A62B53 /* Utilities */,
				0069441225229137000B2573 /* Services */,
				00694410252290B1000B2573 /* Supports */,
				0069440F25228F6E000B2573 /* ViewModels */,
				0069440E25228F62000B2573 /* Models */,
				00694411252290F6000B2573 /* View */,
				005CAD80252207A500444BB8 /* Main.storyboard */,
				005CAD83252207A800444BB8 /* Assets.xcassets */,
				005CAD85252207A800444BB8 /* LaunchScreen.storyboard */,
				005CAD88252207A800444BB8 /* Info.plist */,
			);
			path = MovieApp;
			sourceTree = "<group>";
		};
		0069440E25228F62000B2573 /* Models */ = {
			isa = PBXGroup;
			children = (
				0065F0F3252335CF003C5151 /* MovieModel.swift */,
				0065F0F92523408E003C5151 /* TvShowModel.swift */,
				0096DEDC2523DA180090B276 /* MovieCastModel.swift */,
				00A02C2D2523B2C100C4EED8 /* MovieDetailModel.swift */,
				0096DEDE2523DB5C0090B276 /* TvShowDetailModel.swift */,
			);
			path = Models;
			sourceTree = "<group>";
		};
		0069440F25228F6E000B2573 /* ViewModels */ = {
			isa = PBXGroup;
			children = (
				0065F0F725233EF9003C5151 /* MovieViewModel.swift */,
				0065F0FB252340CB003C5151 /* TvShowViewModel.swift */,
				0096DEDA2523DA0F0090B276 /* MovieCastViewModel.swift */,
				00A02C2F2523B3D400C4EED8 /* MovieDetailViewModel.swift */,
				0096DEE02523DB800090B276 /* TvShowDetailViewModel.swift */,
			);
			path = ViewModels;
			sourceTree = "<group>";
		};
		00694410252290B1000B2573 /* Supports */ = {
			isa = PBXGroup;
			children = (
				005CAD7A252207A500444BB8 /* AppDelegate.swift */,
				005CAD7C252207A500444BB8 /* SceneDelegate.swift */,
			);
			path = Supports;
			sourceTree = "<group>";
		};
		00694411252290F6000B2573 /* View */ = {
			isa = PBXGroup;
			children = (
				00339AC425226801004D4BA4 /* MovieViewController.swift */,
				00A02C2B2523A3A400C4EED8 /* MovieDetailViewController.swift */,
				0069441425229261000B2573 /* TvShowViewController.swift */,
				0096DEE22523DD0F0090B276 /* TvShowDetailViewController.swift */,
				006944132522914A000B2573 /* Cells */,
			);
			path = View;
			sourceTree = "<group>";
		};
		0069441225229137000B2573 /* Services */ = {
			isa = PBXGroup;
			children = (
				0065F0F5252336AB003C5151 /* NetworkService.swift */,
			);
			path = Services;
			sourceTree = "<group>";
		};
		006944132522914A000B2573 /* Cells */ = {
			isa = PBXGroup;
			children = (
				00A02C26252397FA00C4EED8 /* TvShowVCCells */,
				00A02C25252397E900C4EED8 /* MovieVCCells */,
			);
			path = Cells;
			sourceTree = "<group>";
		};
		00A02C25252397E900C4EED8 /* MovieVCCells */ = {
			isa = PBXGroup;
			children = (
				003BC4972522712E001B3E12 /* MovieCollectionViewCell.swift */,
				00A02C2125238B7E00C4EED8 /* TopRatedMovieCollectionViewCell.swift */,
				00A02C2325238F5E00C4EED8 /* PopularMovieCollectionViewCell.swift */,
			);
			path = MovieVCCells;
			sourceTree = "<group>";
		};
		00A02C26252397FA00C4EED8 /* TvShowVCCells */ = {
			isa = PBXGroup;
			children = (
				00A02C272523981D00C4EED8 /* PopularTvSHowCollectionViewCell.swift */,
				00A02C292523983600C4EED8 /* TopRatedTvShowCollectionViewCell.swift */,
			);
			path = TvShowVCCells;
			sourceTree = "<group>";
		};
		5470AB1422546A97E17655AF /* Pods */ = {
			isa = PBXGroup;
			children = (
				2C7C60F1F69B833885CEF3B4 /* Pods-MovieApp.debug.xcconfig */,
				B598DB709286F25D13C077B8 /* Pods-MovieApp.release.xcconfig */,
			);
			path = Pods;
			sourceTree = "<group>";
		};
		BF49E9A8127C803F6D799384 /* Frameworks */ = {
			isa = PBXGroup;
			children = (
				F9D2AF9F747EE094320563F0 /* Pods_MovieApp.framework */,
			);
			name = Frameworks;
			sourceTree = "<group>";
		};
/* End PBXGroup section */

/* Begin PBXNativeTarget section */
		005CAD76252207A500444BB8 /* MovieApp */ = {
			isa = PBXNativeTarget;
			buildConfigurationList = 005CAD8B252207A800444BB8 /* Build configuration list for PBXNativeTarget "MovieApp" */;
			buildPhases = (
				D40EB0EE6E398E7F89E348FA /* [CP] Check Pods Manifest.lock */,
				005CAD73252207A500444BB8 /* Sources */,
				005CAD74252207A500444BB8 /* Frameworks */,
				005CAD75252207A500444BB8 /* Resources */,
				0836971BD1D4004ECBE64D21 /* [CP] Embed Pods Frameworks */,
			);
			buildRules = (
			);
			dependencies = (
			);
			name = MovieApp;
			productName = MovieApp;
			productReference = 005CAD77252207A500444BB8 /* MovieApp.app */;
			productType = "com.apple.product-type.application";
		};
/* End PBXNativeTarget section */

/* Begin PBXProject section */
		005CAD6F252207A500444BB8 /* Project object */ = {
			isa = PBXProject;
			attributes = {
				LastSwiftUpdateCheck = 1170;
				LastUpgradeCheck = 1170;
				ORGANIZATIONNAME = MCT;
				TargetAttributes = {
					005CAD76252207A500444BB8 = {
						CreatedOnToolsVersion = 11.7;
					};
				};
			};
			buildConfigurationList = 005CAD72252207A500444BB8 /* Build configuration list for PBXProject "MovieApp" */;
			compatibilityVersion = "Xcode 9.3";
			developmentRegion = en;
			hasScannedForEncodings = 0;
			knownRegions = (
				en,
				Base,
			);
			mainGroup = 005CAD6E252207A500444BB8;
			productRefGroup = 005CAD78252207A500444BB8 /* Products */;
			projectDirPath = "";
			projectRoot = "";
			targets = (
				005CAD76252207A500444BB8 /* MovieApp */,
			);
		};
/* End PBXProject section */

/* Begin PBXResourcesBuildPhase section */
		005CAD75252207A500444BB8 /* Resources */ = {
			isa = PBXResourcesBuildPhase;
			buildActionMask = 2147483647;
			files = (
				005CAD87252207A800444BB8 /* LaunchScreen.storyboard in Resources */,
				005CAD84252207A800444BB8 /* Assets.xcassets in Resources */,
				005CAD82252207A500444BB8 /* Main.storyboard in Resources */,
			);
			runOnlyForDeploymentPostprocessing = 0;
		};
/* End PBXResourcesBuildPhase section */

/* Begin PBXShellScriptBuildPhase section */
		0836971BD1D4004ECBE64D21 /* [CP] Embed Pods Frameworks */ = {
			isa = PBXShellScriptBuildPhase;
			buildActionMask = 2147483647;
			files = (
			);
			inputFileListPaths = (
				"${PODS_ROOT}/Target Support Files/Pods-MovieApp/Pods-MovieApp-frameworks-${CONFIGURATION}-input-files.xcfilelist",
			);
			name = "[CP] Embed Pods Frameworks";
			outputFileListPaths = (
				"${PODS_ROOT}/Target Support Files/Pods-MovieApp/Pods-MovieApp-frameworks-${CONFIGURATION}-output-files.xcfilelist",
			);
			runOnlyForDeploymentPostprocessing = 0;
			shellPath = /bin/sh;
			shellScript = "\"${PODS_ROOT}/Target Support Files/Pods-MovieApp/Pods-MovieApp-frameworks.sh\"\n";
			showEnvVarsInLog = 0;
		};
		D40EB0EE6E398E7F89E348FA /* [CP] Check Pods Manifest.lock */ = {
			isa = PBXShellScriptBuildPhase;
			buildActionMask = 2147483647;
			files = (
			);
			inputFileListPaths = (
			);
			inputPaths = (
				"${PODS_PODFILE_DIR_PATH}/Podfile.lock",
				"${PODS_ROOT}/Manifest.lock",
			);
			name = "[CP] Check Pods Manifest.lock";
			outputFileListPaths = (
			);
			outputPaths = (
				"$(DERIVED_FILE_DIR)/Pods-MovieApp-checkManifestLockResult.txt",
			);
			runOnlyForDeploymentPostprocessing = 0;
			shellPath = /bin/sh;
			shellScript = "diff \"${PODS_PODFILE_DIR_PATH}/Podfile.lock\" \"${PODS_ROOT}/Manifest.lock\" > /dev/null\nif [ $? != 0 ] ; then\n    # print error to STDERR\n    echo \"error: The sandbox is not in sync with the Podfile.lock. Run 'pod install' or update your CocoaPods installation.\" >&2\n    exit 1\nfi\n# This output is used by Xcode 'outputs' to avoid re-running this script phase.\necho \"SUCCESS\" > \"${SCRIPT_OUTPUT_FILE_0}\"\n";
			showEnvVarsInLog = 0;
		};
/* End PBXShellScriptBuildPhase section */

/* Begin PBXSourcesBuildPhase section */
		005CAD73252207A500444BB8 /* Sources */ = {
			isa = PBXSourcesBuildPhase;
			buildActionMask = 2147483647;
			files = (
				0065F0F4252335CF003C5151 /* MovieModel.swift in Sources */,
				0052DD1D25235C8E00A62B53 /* Constants.swift in Sources */,
				0069441525229261000B2573 /* TvShowViewController.swift in Sources */,
				00A02C282523981D00C4EED8 /* PopularTvSHowCollectionViewCell.swift in Sources */,
				00A02C2425238F5E00C4EED8 /* PopularMovieCollectionViewCell.swift in Sources */,
				005CAD7B252207A500444BB8 /* AppDelegate.swift in Sources */,
				0096DEE32523DD0F0090B276 /* TvShowDetailViewController.swift in Sources */,
				00A02C2A2523983600C4EED8 /* TopRatedTvShowCollectionViewCell.swift in Sources */,
				0096DEDD2523DA180090B276 /* MovieCastModel.swift in Sources */,
				0065F0FC252340CB003C5151 /* TvShowViewModel.swift in Sources */,
				00A02C302523B3D400C4EED8 /* MovieDetailViewModel.swift in Sources */,
				0096DEDB2523DA0F0090B276 /* MovieCastViewModel.swift in Sources */,
				0065F0FA2523408E003C5151 /* TvShowModel.swift in Sources */,
				0096DEE12523DB800090B276 /* TvShowDetailViewModel.swift in Sources */,
				00A02C2225238B7E00C4EED8 /* TopRatedMovieCollectionViewCell.swift in Sources */,
				0065F0F825233EF9003C5151 /* MovieViewModel.swift in Sources */,
				00A02C2E2523B2C100C4EED8 /* MovieDetailModel.swift in Sources */,
				005CAD7D252207A500444BB8 /* SceneDelegate.swift in Sources */,
				00A02C2C2523A3A400C4EED8 /* MovieDetailViewController.swift in Sources */,
				00339AC525226801004D4BA4 /* MovieViewController.swift in Sources */,
				003BC4982522712E001B3E12 /* MovieCollectionViewCell.swift in Sources */,
				0096DEDF2523DB5C0090B276 /* TvShowDetailModel.swift in Sources */,
				0065F0F6252336AB003C5151 /* NetworkService.swift in Sources */,
			);
			runOnlyForDeploymentPostprocessing = 0;
		};
/* End PBXSourcesBuildPhase section */

/* Begin PBXVariantGroup section */
		005CAD80252207A500444BB8 /* Main.storyboard */ = {
			isa = PBXVariantGroup;
			children = (
				005CAD81252207A500444BB8 /* Base */,
			);
			name = Main.storyboard;
			sourceTree = "<group>";
		};
		005CAD85252207A800444BB8 /* LaunchScreen.storyboard */ = {
			isa = PBXVariantGroup;
			children = (
				005CAD86252207A800444BB8 /* Base */,
			);
			name = LaunchScreen.storyboard;
			sourceTree = "<group>";
		};
/* End PBXVariantGroup section */

/* Begin XCBuildConfiguration section */
		005CAD89252207A800444BB8 /* Debug */ = {
			isa = XCBuildConfiguration;
			buildSettings = {
				ALWAYS_SEARCH_USER_PATHS = NO;
				CLANG_ANALYZER_NONNULL = YES;
				CLANG_ANALYZER_NUMBER_OBJECT_CONVERSION = YES_AGGRESSIVE;
				CLANG_CXX_LANGUAGE_STANDARD = "gnu++14";
				CLANG_CXX_LIBRARY = "libc++";
				CLANG_ENABLE_MODULES = YES;
				CLANG_ENABLE_OBJC_ARC = YES;
				CLANG_ENABLE_OBJC_WEAK = YES;
				CLANG_WARN_BLOCK_CAPTURE_AUTORELEASING = YES;
				CLANG_WARN_BOOL_CONVERSION = YES;
				CLANG_WARN_COMMA = YES;
				CLANG_WARN_CONSTANT_CONVERSION = YES;
				CLANG_WARN_DEPRECATED_OBJC_IMPLEMENTATIONS = YES;
				CLANG_WARN_DIRECT_OBJC_ISA_USAGE = YES_ERROR;
				CLANG_WARN_DOCUMENTATION_COMMENTS = YES;
				CLANG_WARN_EMPTY_BODY = YES;
				CLANG_WARN_ENUM_CONVERSION = YES;
				CLANG_WARN_INFINITE_RECURSION = YES;
				CLANG_WARN_INT_CONVERSION = YES;
				CLANG_WARN_NON_LITERAL_NULL_CONVERSION = YES;
				CLANG_WARN_OBJC_IMPLICIT_RETAIN_SELF = YES;
				CLANG_WARN_OBJC_LITERAL_CONVERSION = YES;
				CLANG_WARN_OBJC_ROOT_CLASS = YES_ERROR;
				CLANG_WARN_RANGE_LOOP_ANALYSIS = YES;
				CLANG_WARN_STRICT_PROTOTYPES = YES;
				CLANG_WARN_SUSPICIOUS_MOVE = YES;
				CLANG_WARN_UNGUARDED_AVAILABILITY = YES_AGGRESSIVE;
				CLANG_WARN_UNREACHABLE_CODE = YES;
				CLANG_WARN__DUPLICATE_METHOD_MATCH = YES;
				COPY_PHASE_STRIP = NO;
				DEBUG_INFORMATION_FORMAT = dwarf;
				ENABLE_STRICT_OBJC_MSGSEND = YES;
				ENABLE_TESTABILITY = YES;
				GCC_C_LANGUAGE_STANDARD = gnu11;
				GCC_DYNAMIC_NO_PIC = NO;
				GCC_NO_COMMON_BLOCKS = YES;
				GCC_OPTIMIZATION_LEVEL = 0;
				GCC_PREPROCESSOR_DEFINITIONS = (
					"DEBUG=1",
					"$(inherited)",
				);
				GCC_WARN_64_TO_32_BIT_CONVERSION = YES;
				GCC_WARN_ABOUT_RETURN_TYPE = YES_ERROR;
				GCC_WARN_UNDECLARED_SELECTOR = YES;
				GCC_WARN_UNINITIALIZED_AUTOS = YES_AGGRESSIVE;
				GCC_WARN_UNUSED_FUNCTION = YES;
				GCC_WARN_UNUSED_VARIABLE = YES;
				IPHONEOS_DEPLOYMENT_TARGET = 13.7;
				MTL_ENABLE_DEBUG_INFO = INCLUDE_SOURCE;
				MTL_FAST_MATH = YES;
				ONLY_ACTIVE_ARCH = YES;
				SDKROOT = iphoneos;
				SWIFT_ACTIVE_COMPILATION_CONDITIONS = DEBUG;
				SWIFT_OPTIMIZATION_LEVEL = "-Onone";
			};
			name = Debug;
		};
		005CAD8A252207A800444BB8 /* Release */ = {
			isa = XCBuildConfiguration;
			buildSettings = {
				ALWAYS_SEARCH_USER_PATHS = NO;
				CLANG_ANALYZER_NONNULL = YES;
				CLANG_ANALYZER_NUMBER_OBJECT_CONVERSION = YES_AGGRESSIVE;
				CLANG_CXX_LANGUAGE_STANDARD = "gnu++14";
				CLANG_CXX_LIBRARY = "libc++";
				CLANG_ENABLE_MODULES = YES;
				CLANG_ENABLE_OBJC_ARC = YES;
				CLANG_ENABLE_OBJC_WEAK = YES;
				CLANG_WARN_BLOCK_CAPTURE_AUTORELEASING = YES;
				CLANG_WARN_BOOL_CONVERSION = YES;
				CLANG_WARN_COMMA = YES;
				CLANG_WARN_CONSTANT_CONVERSION = YES;
				CLANG_WARN_DEPRECATED_OBJC_IMPLEMENTATIONS = YES;
				CLANG_WARN_DIRECT_OBJC_ISA_USAGE = YES_ERROR;
				CLANG_WARN_DOCUMENTATION_COMMENTS = YES;
				CLANG_WARN_EMPTY_BODY = YES;
				CLANG_WARN_ENUM_CONVERSION = YES;
				CLANG_WARN_INFINITE_RECURSION = YES;
				CLANG_WARN_INT_CONVERSION = YES;
				CLANG_WARN_NON_LITERAL_NULL_CONVERSION = YES;
				CLANG_WARN_OBJC_IMPLICIT_RETAIN_SELF = YES;
				CLANG_WARN_OBJC_LITERAL_CONVERSION = YES;
				CLANG_WARN_OBJC_ROOT_CLASS = YES_ERROR;
				CLANG_WARN_RANGE_LOOP_ANALYSIS = YES;
				CLANG_WARN_STRICT_PROTOTYPES = YES;
				CLANG_WARN_SUSPICIOUS_MOVE = YES;
				CLANG_WARN_UNGUARDED_AVAILABILITY = YES_AGGRESSIVE;
				CLANG_WARN_UNREACHABLE_CODE = YES;
				CLANG_WARN__DUPLICATE_METHOD_MATCH = YES;
				COPY_PHASE_STRIP = NO;
				DEBUG_INFORMATION_FORMAT = "dwarf-with-dsym";
				ENABLE_NS_ASSERTIONS = NO;
				ENABLE_STRICT_OBJC_MSGSEND = YES;
				GCC_C_LANGUAGE_STANDARD = gnu11;
				GCC_NO_COMMON_BLOCKS = YES;
				GCC_WARN_64_TO_32_BIT_CONVERSION = YES;
				GCC_WARN_ABOUT_RETURN_TYPE = YES_ERROR;
				GCC_WARN_UNDECLARED_SELECTOR = YES;
				GCC_WARN_UNINITIALIZED_AUTOS = YES_AGGRESSIVE;
				GCC_WARN_UNUSED_FUNCTION = YES;
				GCC_WARN_UNUSED_VARIABLE = YES;
				IPHONEOS_DEPLOYMENT_TARGET = 13.7;
				MTL_ENABLE_DEBUG_INFO = NO;
				MTL_FAST_MATH = YES;
				SDKROOT = iphoneos;
				SWIFT_COMPILATION_MODE = wholemodule;
				SWIFT_OPTIMIZATION_LEVEL = "-O";
				VALIDATE_PRODUCT = YES;
			};
			name = Release;
		};
		005CAD8C252207A800444BB8 /* Debug */ = {
			isa = XCBuildConfiguration;
			baseConfigurationReference = 2C7C60F1F69B833885CEF3B4 /* Pods-MovieApp.debug.xcconfig */;
			buildSettings = {
				ASSETCATALOG_COMPILER_APPICON_NAME = AppIcon;
				CODE_SIGN_STYLE = Automatic;
				DEVELOPMENT_TEAM = D4T62J4499;
				INFOPLIST_FILE = MovieApp/Info.plist;
				LD_RUNPATH_SEARCH_PATHS = (
					"$(inherited)",
					"@executable_path/Frameworks",
				);
				PRODUCT_BUNDLE_IDENTIFIER = com.mct.MovieApp;
				PRODUCT_NAME = "$(TARGET_NAME)";
				SWIFT_VERSION = 5.0;
				TARGETED_DEVICE_FAMILY = "1,2";
			};
			name = Debug;
		};
		005CAD8D252207A800444BB8 /* Release */ = {
			isa = XCBuildConfiguration;
			baseConfigurationReference = B598DB709286F25D13C077B8 /* Pods-MovieApp.release.xcconfig */;
			buildSettings = {
				ASSETCATALOG_COMPILER_APPICON_NAME = AppIcon;
				CODE_SIGN_STYLE = Automatic;
				DEVELOPMENT_TEAM = D4T62J4499;
				INFOPLIST_FILE = MovieApp/Info.plist;
				LD_RUNPATH_SEARCH_PATHS = (
					"$(inherited)",
					"@executable_path/Frameworks",
				);
				PRODUCT_BUNDLE_IDENTIFIER = com.mct.MovieApp;
				PRODUCT_NAME = "$(TARGET_NAME)";
				SWIFT_VERSION = 5.0;
				TARGETED_DEVICE_FAMILY = "1,2";
			};
			name = Release;
		};
/* End XCBuildConfiguration section */

/* Begin XCConfigurationList section */
		005CAD72252207A500444BB8 /* Build configuration list for PBXProject "MovieApp" */ = {
			isa = XCConfigurationList;
			buildConfigurations = (
				005CAD89252207A800444BB8 /* Debug */,
				005CAD8A252207A800444BB8 /* Release */,
			);
			defaultConfigurationIsVisible = 0;
			defaultConfigurationName = Release;
		};
		005CAD8B252207A800444BB8 /* Build configuration list for PBXNativeTarget "MovieApp" */ = {
			isa = XCConfigurationList;
			buildConfigurations = (
				005CAD8C252207A800444BB8 /* Debug */,
				005CAD8D252207A800444BB8 /* Release */,
			);
			defaultConfigurationIsVisible = 0;
			defaultConfigurationName = Release;
		};
/* End XCConfigurationList section */
	};
	rootObject = 005CAD6F252207A500444BB8 /* Project object */;
}
